// !$*UTF8*$!
{
	archiveVersion = 1;
	classes = {
	};
	objectVersion = 50;
	objects = {

/* Begin PBXBuildFile section */
		773876B824CF6F62000685EB /* AppDelegate.swift in Sources */ = {isa = PBXBuildFile; fileRef = 773876B724CF6F62000685EB /* AppDelegate.swift */; };
		773876BA24CF6F62000685EB /* SceneDelegate.swift in Sources */ = {isa = PBXBuildFile; fileRef = 773876B924CF6F62000685EB /* SceneDelegate.swift */; };
		773876BF24CF6F62000685EB /* Main.storyboard in Resources */ = {isa = PBXBuildFile; fileRef = 773876BD24CF6F62000685EB /* Main.storyboard */; };
		773876C224CF6F62000685EB /* Github_Test.xcdatamodeld in Sources */ = {isa = PBXBuildFile; fileRef = 773876C024CF6F62000685EB /* Github_Test.xcdatamodeld */; };
		773876C424CF6F64000685EB /* Assets.xcassets in Resources */ = {isa = PBXBuildFile; fileRef = 773876C324CF6F64000685EB /* Assets.xcassets */; };
		773876C724CF6F64000685EB /* LaunchScreen.storyboard in Resources */ = {isa = PBXBuildFile; fileRef = 773876C524CF6F64000685EB /* LaunchScreen.storyboard */; };
		7757C72324D0925000AF4B4F /* ToDoTableViewController.swift in Sources */ = {isa = PBXBuildFile; fileRef = 7757C72224D0925000AF4B4F /* ToDoTableViewController.swift */; };
		7757C72524D0944200AF4B4F /* ToDo.swift in Sources */ = {isa = PBXBuildFile; fileRef = 7757C72424D0944200AF4B4F /* ToDo.swift */; };
/* End PBXBuildFile section */

/* Begin PBXFileReference section */
		773876B424CF6F61000685EB /* Github Test.app */ = {isa = PBXFileReference; explicitFileType = wrapper.application; includeInIndex = 0; path = "Github Test.app"; sourceTree = BUILT_PRODUCTS_DIR; };
		773876B724CF6F62000685EB /* AppDelegate.swift */ = {isa = PBXFileReference; lastKnownFileType = sourcecode.swift; path = AppDelegate.swift; sourceTree = "<group>"; };
		773876B924CF6F62000685EB /* SceneDelegate.swift */ = {isa = PBXFileReference; lastKnownFileType = sourcecode.swift; path = SceneDelegate.swift; sourceTree = "<group>"; };
		773876BE24CF6F62000685EB /* Base */ = {isa = PBXFileReference; lastKnownFileType = file.storyboard; name = Base; path = Base.lproj/Main.storyboard; sourceTree = "<group>"; };
		773876C124CF6F62000685EB /* Github_Test.xcdatamodel */ = {isa = PBXFileReference; lastKnownFileType = wrapper.xcdatamodel; path = Github_Test.xcdatamodel; sourceTree = "<group>"; };
		773876C324CF6F64000685EB /* Assets.xcassets */ = {isa = PBXFileReference; lastKnownFileType = folder.assetcatalog; path = Assets.xcassets; sourceTree = "<group>"; };
		773876C624CF6F64000685EB /* Base */ = {isa = PBXFileReference; lastKnownFileType = file.storyboard; name = Base; path = Base.lproj/LaunchScreen.storyboard; sourceTree = "<group>"; };
		773876C824CF6F64000685EB /* Info.plist */ = {isa = PBXFileReference; lastKnownFileType = text.plist.xml; path = Info.plist; sourceTree = "<group>"; };
		7757C72224D0925000AF4B4F /* ToDoTableViewController.swift */ = {isa = PBXFileReference; lastKnownFileType = sourcecode.swift; path = ToDoTableViewController.swift; sourceTree = "<group>"; };
		7757C72424D0944200AF4B4F /* ToDo.swift */ = {isa = PBXFileReference; lastKnownFileType = sourcecode.swift; path = ToDo.swift; sourceTree = "<group>"; };
/* End PBXFileReference section */

/* Begin PBXFrameworksBuildPhase section */
		773876B124CF6F61000685EB /* Frameworks */ = {
			isa = PBXFrameworksBuildPhase;
			buildActionMask = 2147483647;
			files = (
			);
			runOnlyForDeploymentPostprocessing = 0;
		};
/* End PBXFrameworksBuildPhase section */

/* Begin PBXGroup section */
		773876AB24CF6F61000685EB = {
			isa = PBXGroup;
			children = (
				773876B624CF6F61000685EB /* Github Test */,
				773876B524CF6F61000685EB /* Products */,
			);
			sourceTree = "<group>";
		};
		773876B524CF6F61000685EB /* Products */ = {
			isa = PBXGroup;
			children = (
				773876B424CF6F61000685EB /* Github Test.app */,
			);
			name = Products;
			sourceTree = "<group>";
		};
		773876B624CF6F61000685EB /* Github Test */ = {
			isa = PBXGroup;
			children = (
				773876B724CF6F62000685EB /* AppDelegate.swift */,
				773876B924CF6F62000685EB /* SceneDelegate.swift */,
				773876BD24CF6F62000685EB /* Main.storyboard */,
				7757C72424D0944200AF4B4F /* ToDo.swift */,
				7757C72224D0925000AF4B4F /* ToDoTableViewController.swift */,
				773876C324CF6F64000685EB /* Assets.xcassets */,
				773876C524CF6F64000685EB /* LaunchScreen.storyboard */,
				773876C824CF6F64000685EB /* Info.plist */,
				773876C024CF6F62000685EB /* Github_Test.xcdatamodeld */,
			);
			path = "Github Test";
			sourceTree = "<group>";
		};
/* End PBXGroup section */

/* Begin PBXNativeTarget section */
		773876B324CF6F61000685EB /* Github Test */ = {
			isa = PBXNativeTarget;
			buildConfigurationList = 773876CB24CF6F64000685EB /* Build configuration list for PBXNativeTarget "Github Test" */;
			buildPhases = (
				773876B024CF6F61000685EB /* Sources */,
				773876B124CF6F61000685EB /* Frameworks */,
				773876B224CF6F61000685EB /* Resources */,
			);
			buildRules = (
			);
			dependencies = (
			);
			name = "Github Test";
			productName = "Github Test";
			productReference = 773876B424CF6F61000685EB /* Github Test.app */;
			productType = "com.apple.product-type.application";
		};
/* End PBXNativeTarget section */

/* Begin PBXProject section */
		773876AC24CF6F61000685EB /* Project object */ = {
			isa = PBXProject;
			attributes = {
				LastSwiftUpdateCheck = 1150;
				LastUpgradeCheck = 1150;
				ORGANIZATIONNAME = "Sana Manesh";
				TargetAttributes = {
					773876B324CF6F61000685EB = {
						CreatedOnToolsVersion = 11.5;
					};
				};
			};
			buildConfigurationList = 773876AF24CF6F61000685EB /* Build configuration list for PBXProject "Github Test" */;
			compatibilityVersion = "Xcode 9.3";
			developmentRegion = en;
			hasScannedForEncodings = 0;
			knownRegions = (
				en,
				Base,
			);
			mainGroup = 773876AB24CF6F61000685EB;
			productRefGroup = 773876B524CF6F61000685EB /* Products */;
			projectDirPath = "";
			projectRoot = "";
			targets = (
				773876B324CF6F61000685EB /* Github Test */,
			);
		};
/* End PBXProject section */

/* Begin PBXResourcesBuildPhase section */
		773876B224CF6F61000685EB /* Resources */ = {
			isa = PBXResourcesBuildPhase;
			buildActionMask = 2147483647;
			files = (
				773876C724CF6F64000685EB /* LaunchScreen.storyboard in Resources */,
				773876C424CF6F64000685EB /* Assets.xcassets in Resources */,
				773876BF24CF6F62000685EB /* Main.storyboard in Resources */,
			);
			runOnlyForDeploymentPostprocessing = 0;
		};
/* End PBXResourcesBuildPhase section */

/* Begin PBXSourcesBuildPhase section */
		773876B024CF6F61000685EB /* Sources */ = {
			isa = PBXSourcesBuildPhase;
			buildActionMask = 2147483647;
			files = (
				773876B824CF6F62000685EB /* AppDelegate.swift in Sources */,
				7757C72524D0944200AF4B4F /* ToDo.swift in Sources */,
				7757C72324D0925000AF4B4F /* ToDoTableViewController.swift in Sources */,
				773876C224CF6F62000685EB /* Github_Test.xcdatamodeld in Sources */,
				773876BA24CF6F62000685EB /* SceneDelegate.swift in Sources */,
			);
			runOnlyForDeploymentPostprocessing = 0;
		};
/* End PBXSourcesBuildPhase section */

/* Begin PBXVariantGroup section */
		773876BD24CF6F62000685EB /* Main.storyboard */ = {
			isa = PBXVariantGroup;
			children = (
				773876BE24CF6F62000685EB /* Base */,
			);
			name = Main.storyboard;
			sourceTree = "<group>";
		};
		773876C524CF6F64000685EB /* LaunchScreen.storyboard */ = {
			isa = PBXVariantGroup;
			children = (
				773876C624CF6F64000685EB /* Base */,
			);
			name = LaunchScreen.storyboard;
			sourceTree = "<group>";
		};
/* End PBXVariantGroup section */

/* Begin XCBuildConfiguration section */
		773876C924CF6F64000685EB /* Debug */ = {
			isa = XCBuildConfiguration;
			buildSettings = {
				ALWAYS_SEARCH_USER_PATHS = NO;
				CLANG_ANALYZER_NONNULL = YES;
				CLANG_ANALYZER_NUMBER_OBJECT_CONVERSION = YES_AGGRESSIVE;
				CLANG_CXX_LANGUAGE_STANDARD = "gnu++14";
				CLANG_CXX_LIBRARY = "libc++";
				CLANG_ENABLE_MODULES = YES;
				CLANG_ENABLE_OBJC_ARC = YES;
				CLANG_ENABLE_OBJC_WEAK = YES;
				CLANG_WARN_BLOCK_CAPTURE_AUTORELEASING = YES;
				CLANG_WARN_BOOL_CONVERSION = YES;
				CLANG_WARN_COMMA = YES;
				CLANG_WARN_CONSTANT_CONVERSION = YES;
				CLANG_WARN_DEPRECATED_OBJC_IMPLEMENTATIONS = YES;
				CLANG_WARN_DIRECT_OBJC_ISA_USAGE = YES_ERROR;
				CLANG_WARN_DOCUMENTATION_COMMENTS = YES;
				CLANG_WARN_EMPTY_BODY = YES;
				CLANG_WARN_ENUM_CONVERSION = YES;
				CLANG_WARN_INFINITE_RECURSION = YES;
				CLANG_WARN_INT_CONVERSION = YES;
				CLANG_WARN_NON_LITERAL_NULL_CONVERSION = YES;
				CLANG_WARN_OBJC_IMPLICIT_RETAIN_SELF = YES;
				CLANG_WARN_OBJC_LITERAL_CONVERSION = YES;
				CLANG_WARN_OBJC_ROOT_CLASS = YES_ERROR;
				CLANG_WARN_RANGE_LOOP_ANALYSIS = YES;
				CLANG_WARN_STRICT_PROTOTYPES = YES;
				CLANG_WARN_SUSPICIOUS_MOVE = YES;
				CLANG_WARN_UNGUARDED_AVAILABILITY = YES_AGGRESSIVE;
				CLANG_WARN_UNREACHABLE_CODE = YES;
				CLANG_WARN__DUPLICATE_METHOD_MATCH = YES;
				COPY_PHASE_STRIP = NO;
				DEBUG_INFORMATION_FORMAT = dwarf;
				ENABLE_STRICT_OBJC_MSGSEND = YES;
				ENABLE_TESTABILITY = YES;
				GCC_C_LANGUAGE_STANDARD = gnu11;
				GCC_DYNAMIC_NO_PIC = NO;
				GCC_NO_COMMON_BLOCKS = YES;
				GCC_OPTIMIZATION_LEVEL = 0;
				GCC_PREPROCESSOR_DEFINITIONS = (
					"DEBUG=1",
					"$(inherited)",
				);
				GCC_WARN_64_TO_32_BIT_CONVERSION = YES;
				GCC_WARN_ABOUT_RETURN_TYPE = YES_ERROR;
				GCC_WARN_UNDECLARED_SELECTOR = YES;
				GCC_WARN_UNINITIALIZED_AUTOS = YES_AGGRESSIVE;
				GCC_WARN_UNUSED_FUNCTION = YES;
				GCC_WARN_UNUSED_VARIABLE = YES;
				IPHONEOS_DEPLOYMENT_TARGET = 13.5;
				MTL_ENABLE_DEBUG_INFO = INCLUDE_SOURCE;
				MTL_FAST_MATH = YES;
				ONLY_ACTIVE_ARCH = YES;
				SDKROOT = iphoneos;
				SWIFT_ACTIVE_COMPILATION_CONDITIONS = DEBUG;
				SWIFT_OPTIMIZATION_LEVEL = "-Onone";
			};
			name = Debug;
		};
		773876CA24CF6F64000685EB /* Release */ = {
			isa = XCBuildConfiguration;
			buildSettings = {
				ALWAYS_SEARCH_USER_PATHS = NO;
				CLANG_ANALYZER_NONNULL = YES;
				CLANG_ANALYZER_NUMBER_OBJECT_CONVERSION = YES_AGGRESSIVE;
				CLANG_CXX_LANGUAGE_STANDARD = "gnu++14";
				CLANG_CXX_LIBRARY = "libc++";
				CLANG_ENABLE_MODULES = YES;
				CLANG_ENABLE_OBJC_ARC = YES;
				CLANG_ENABLE_OBJC_WEAK = YES;
				CLANG_WARN_BLOCK_CAPTURE_AUTORELEASING = YES;
				CLANG_WARN_BOOL_CONVERSION = YES;
				CLANG_WARN_COMMA = YES;
				CLANG_WARN_CONSTANT_CONVERSION = YES;
				CLANG_WARN_DEPRECATED_OBJC_IMPLEMENTATIONS = YES;
				CLANG_WARN_DIRECT_OBJC_ISA_USAGE = YES_ERROR;
				CLANG_WARN_DOCUMENTATION_COMMENTS = YES;
				CLANG_WARN_EMPTY_BODY = YES;
				CLANG_WARN_ENUM_CONVERSION = YES;
				CLANG_WARN_INFINITE_RECURSION = YES;
				CLANG_WARN_INT_CONVERSION = YES;
				CLANG_WARN_NON_LITERAL_NULL_CONVERSION = YES;
				CLANG_WARN_OBJC_IMPLICIT_RETAIN_SELF = YES;
				CLANG_WARN_OBJC_LITERAL_CONVERSION = YES;
				CLANG_WARN_OBJC_ROOT_CLASS = YES_ERROR;
				CLANG_WARN_RANGE_LOOP_ANALYSIS = YES;
				CLANG_WARN_STRICT_PROTOTYPES = YES;
				CLANG_WARN_SUSPICIOUS_MOVE = YES;
				CLANG_WARN_UNGUARDED_AVAILABILITY = YES_AGGRESSIVE;
				CLANG_WARN_UNREACHABLE_CODE = YES;
				CLANG_WARN__DUPLICATE_METHOD_MATCH = YES;
				COPY_PHASE_STRIP = NO;
				DEBUG_INFORMATION_FORMAT = "dwarf-with-dsym";
				ENABLE_NS_ASSERTIONS = NO;
				ENABLE_STRICT_OBJC_MSGSEND = YES;
				GCC_C_LANGUAGE_STANDARD = gnu11;
				GCC_NO_COMMON_BLOCKS = YES;
				GCC_WARN_64_TO_32_BIT_CONVERSION = YES;
				GCC_WARN_ABOUT_RETURN_TYPE = YES_ERROR;
				GCC_WARN_UNDECLARED_SELECTOR = YES;
				GCC_WARN_UNINITIALIZED_AUTOS = YES_AGGRESSIVE;
				GCC_WARN_UNUSED_FUNCTION = YES;
				GCC_WARN_UNUSED_VARIABLE = YES;
				IPHONEOS_DEPLOYMENT_TARGET = 13.5;
				MTL_ENABLE_DEBUG_INFO = NO;
				MTL_FAST_MATH = YES;
				SDKROOT = iphoneos;
				SWIFT_COMPILATION_MODE = wholemodule;
				SWIFT_OPTIMIZATION_LEVEL = "-O";
				VALIDATE_PRODUCT = YES;
			};
			name = Release;
		};
		773876CC24CF6F64000685EB /* Debug */ = {
			isa = XCBuildConfiguration;
			buildSettings = {
				ASSETCATALOG_COMPILER_APPICON_NAME = AppIcon;
				CODE_SIGN_STYLE = Automatic;
				INFOPLIST_FILE = "Github Test/Info.plist";
				LD_RUNPATH_SEARCH_PATHS = (
					"$(inherited)",
					"@executable_path/Frameworks",
				);
				PRODUCT_BUNDLE_IDENTIFIER = "KWK.Github-Test";
				PRODUCT_NAME = "$(TARGET_NAME)";
				SWIFT_VERSION = 5.0;
				TARGETED_DEVICE_FAMILY = "1,2";
			};
			name = Debug;
		};
		773876CD24CF6F64000685EB /* Release */ = {
			isa = XCBuildConfiguration;
			buildSettings = {
				ASSETCATALOG_COMPILER_APPICON_NAME = AppIcon;
				CODE_SIGN_STYLE = Automatic;
				INFOPLIST_FILE = "Github Test/Info.plist";
				LD_RUNPATH_SEARCH_PATHS = (
					"$(inherited)",
					"@executable_path/Frameworks",
				);
				PRODUCT_BUNDLE_IDENTIFIER = "KWK.Github-Test";
				PRODUCT_NAME = "$(TARGET_NAME)";
				SWIFT_VERSION = 5.0;
				TARGETED_DEVICE_FAMILY = "1,2";
			};
			name = Release;
		};
/* End XCBuildConfiguration section */

/* Begin XCConfigurationList section */
		773876AF24CF6F61000685EB /* Build configuration list for PBXProject "Github Test" */ = {
			isa = XCConfigurationList;
			buildConfigurations = (
				773876C924CF6F64000685EB /* Debug */,
				773876CA24CF6F64000685EB /* Release */,
			);
			defaultConfigurationIsVisible = 0;
			defaultConfigurationName = Release;
		};
		773876CB24CF6F64000685EB /* Build configuration list for PBXNativeTarget "Github Test" */ = {
			isa = XCConfigurationList;
			buildConfigurations = (
				773876CC24CF6F64000685EB /* Debug */,
				773876CD24CF6F64000685EB /* Release */,
			);
			defaultConfigurationIsVisible = 0;
			defaultConfigurationName = Release;
		};
/* End XCConfigurationList section */

/* Begin XCVersionGroup section */
		773876C024CF6F62000685EB /* Github_Test.xcdatamodeld */ = {
			isa = XCVersionGroup;
			children = (
				773876C124CF6F62000685EB /* Github_Test.xcdatamodel */,
			);
			currentVersion = 773876C124CF6F62000685EB /* Github_Test.xcdatamodel */;
			path = Github_Test.xcdatamodeld;
			sourceTree = "<group>";
			versionGroupType = wrapper.xcdatamodel;
		};
/* End XCVersionGroup section */
	};
	rootObject = 773876AC24CF6F61000685EB /* Project object */;
}
